// !$*UTF8*$!
{
	archiveVersion = 1;
	classes = {
	};
	objectVersion = 50;
	objects = {

/* Begin PBXBuildFile section */
		41F1ACE42591AE570097A583 /* AppDelegate.swift in Sources */ = {isa = PBXBuildFile; fileRef = 41F1ACE32591AE570097A583 /* AppDelegate.swift */; };
		41F1ACE62591AE570097A583 /* SceneDelegate.swift in Sources */ = {isa = PBXBuildFile; fileRef = 41F1ACE52591AE570097A583 /* SceneDelegate.swift */; };
		41F1ACE82591AE570097A583 /* ViewController.swift in Sources */ = {isa = PBXBuildFile; fileRef = 41F1ACE72591AE570097A583 /* ViewController.swift */; };
		41F1ACEB2591AE570097A583 /* Main.storyboard in Resources */ = {isa = PBXBuildFile; fileRef = 41F1ACE92591AE570097A583 /* Main.storyboard */; };
		41F1ACED2591AE5C0097A583 /* Assets.xcassets in Resources */ = {isa = PBXBuildFile; fileRef = 41F1ACEC2591AE5C0097A583 /* Assets.xcassets */; };
		41F1ACF02591AE5C0097A583 /* LaunchScreen.storyboard in Resources */ = {isa = PBXBuildFile; fileRef = 41F1ACEE2591AE5C0097A583 /* LaunchScreen.storyboard */; };
		41F1ACFB2591AE5C0097A583 /* tip_calculatorTests.swift in Sources */ = {isa = PBXBuildFile; fileRef = 41F1ACFA2591AE5C0097A583 /* tip_calculatorTests.swift */; };
		41F1AD062591AE5D0097A583 /* tip_calculatorUITests.swift in Sources */ = {isa = PBXBuildFile; fileRef = 41F1AD052591AE5D0097A583 /* tip_calculatorUITests.swift */; };
/* End PBXBuildFile section */

/* Begin PBXContainerItemProxy section */
		41F1ACF72591AE5C0097A583 /* PBXContainerItemProxy */ = {
			isa = PBXContainerItemProxy;
			containerPortal = 41F1ACD82591AE570097A583 /* Project object */;
			proxyType = 1;
			remoteGlobalIDString = 41F1ACDF2591AE570097A583;
			remoteInfo = "tip calculator";
		};
		41F1AD022591AE5D0097A583 /* PBXContainerItemProxy */ = {
			isa = PBXContainerItemProxy;
			containerPortal = 41F1ACD82591AE570097A583 /* Project object */;
			proxyType = 1;
			remoteGlobalIDString = 41F1ACDF2591AE570097A583;
			remoteInfo = "tip calculator";
		};
/* End PBXContainerItemProxy section */

/* Begin PBXFileReference section */
		41F1ACE02591AE570097A583 /* tip calculator.app */ = {isa = PBXFileReference; explicitFileType = wrapper.application; includeInIndex = 0; path = "tip calculator.app"; sourceTree = BUILT_PRODUCTS_DIR; };
		41F1ACE32591AE570097A583 /* AppDelegate.swift */ = {isa = PBXFileReference; lastKnownFileType = sourcecode.swift; path = AppDelegate.swift; sourceTree = "<group>"; };
		41F1ACE52591AE570097A583 /* SceneDelegate.swift */ = {isa = PBXFileReference; lastKnownFileType = sourcecode.swift; path = SceneDelegate.swift; sourceTree = "<group>"; };
		41F1ACE72591AE570097A583 /* ViewController.swift */ = {isa = PBXFileReference; lastKnownFileType = sourcecode.swift; path = ViewController.swift; sourceTree = "<group>"; };
		41F1ACEA2591AE570097A583 /* Base */ = {isa = PBXFileReference; lastKnownFileType = file.storyboard; name = Base; path = Base.lproj/Main.storyboard; sourceTree = "<group>"; };
		41F1ACEC2591AE5C0097A583 /* Assets.xcassets */ = {isa = PBXFileReference; lastKnownFileType = folder.assetcatalog; path = Assets.xcassets; sourceTree = "<group>"; };
		41F1ACEF2591AE5C0097A583 /* Base */ = {isa = PBXFileReference; lastKnownFileType = file.storyboard; name = Base; path = Base.lproj/LaunchScreen.storyboard; sourceTree = "<group>"; };
		41F1ACF12591AE5C0097A583 /* Info.plist */ = {isa = PBXFileReference; lastKnownFileType = text.plist.xml; path = Info.plist; sourceTree = "<group>"; };
		41F1ACF62591AE5C0097A583 /* tip calculatorTests.xctest */ = {isa = PBXFileReference; explicitFileType = wrapper.cfbundle; includeInIndex = 0; path = "tip calculatorTests.xctest"; sourceTree = BUILT_PRODUCTS_DIR; };
		41F1ACFA2591AE5C0097A583 /* tip_calculatorTests.swift */ = {isa = PBXFileReference; lastKnownFileType = sourcecode.swift; path = tip_calculatorTests.swift; sourceTree = "<group>"; };
		41F1ACFC2591AE5C0097A583 /* Info.plist */ = {isa = PBXFileReference; lastKnownFileType = text.plist.xml; path = Info.plist; sourceTree = "<group>"; };
		41F1AD012591AE5D0097A583 /* tip calculatorUITests.xctest */ = {isa = PBXFileReference; explicitFileType = wrapper.cfbundle; includeInIndex = 0; path = "tip calculatorUITests.xctest"; sourceTree = BUILT_PRODUCTS_DIR; };
		41F1AD052591AE5D0097A583 /* tip_calculatorUITests.swift */ = {isa = PBXFileReference; lastKnownFileType = sourcecode.swift; path = tip_calculatorUITests.swift; sourceTree = "<group>"; };
		41F1AD072591AE5D0097A583 /* Info.plist */ = {isa = PBXFileReference; lastKnownFileType = text.plist.xml; path = Info.plist; sourceTree = "<group>"; };
/* End PBXFileReference section */

/* Begin PBXFrameworksBuildPhase section */
		41F1ACDD2591AE570097A583 /* Frameworks */ = {
			isa = PBXFrameworksBuildPhase;
			buildActionMask = 2147483647;
			files = (
			);
			runOnlyForDeploymentPostprocessing = 0;
		};
		41F1ACF32591AE5C0097A583 /* Frameworks */ = {
			isa = PBXFrameworksBuildPhase;
			buildActionMask = 2147483647;
			files = (
			);
			runOnlyForDeploymentPostprocessing = 0;
		};
		41F1ACFE2591AE5D0097A583 /* Frameworks */ = {
			isa = PBXFrameworksBuildPhase;
			buildActionMask = 2147483647;
			files = (
			);
			runOnlyForDeploymentPostprocessing = 0;
		};
/* End PBXFrameworksBuildPhase section */

/* Begin PBXGroup section */
		41F1ACD72591AE570097A583 = {
			isa = PBXGroup;
			children = (
				41F1ACE22591AE570097A583 /* tip calculator */,
				41F1ACF92591AE5C0097A583 /* tip calculatorTests */,
				41F1AD042591AE5D0097A583 /* tip calculatorUITests */,
				41F1ACE12591AE570097A583 /* Products */,
			);
			sourceTree = "<group>";
		};
		41F1ACE12591AE570097A583 /* Products */ = {
			isa = PBXGroup;
			children = (
				41F1ACE02591AE570097A583 /* tip calculator.app */,
				41F1ACF62591AE5C0097A583 /* tip calculatorTests.xctest */,
				41F1AD012591AE5D0097A583 /* tip calculatorUITests.xctest */,
			);
			name = Products;
			sourceTree = "<group>";
		};
		41F1ACE22591AE570097A583 /* tip calculator */ = {
			isa = PBXGroup;
			children = (
				41F1ACE32591AE570097A583 /* AppDelegate.swift */,
				41F1ACE52591AE570097A583 /* SceneDelegate.swift */,
				41F1ACE72591AE570097A583 /* ViewController.swift */,
				41F1ACE92591AE570097A583 /* Main.storyboard */,
				41F1ACEC2591AE5C0097A583 /* Assets.xcassets */,
				41F1ACEE2591AE5C0097A583 /* LaunchScreen.storyboard */,
				41F1ACF12591AE5C0097A583 /* Info.plist */,
			);
			path = "tip calculator";
			sourceTree = "<group>";
		};
		41F1ACF92591AE5C0097A583 /* tip calculatorTests */ = {
			isa = PBXGroup;
			children = (
				41F1ACFA2591AE5C0097A583 /* tip_calculatorTests.swift */,
				41F1ACFC2591AE5C0097A583 /* Info.plist */,
			);
			path = "tip calculatorTests";
			sourceTree = "<group>";
		};
		41F1AD042591AE5D0097A583 /* tip calculatorUITests */ = {
			isa = PBXGroup;
			children = (
				41F1AD052591AE5D0097A583 /* tip_calculatorUITests.swift */,
				41F1AD072591AE5D0097A583 /* Info.plist */,
			);
			path = "tip calculatorUITests";
			sourceTree = "<group>";
		};
/* End PBXGroup section */

/* Begin PBXNativeTarget section */
		41F1ACDF2591AE570097A583 /* tip calculator */ = {
			isa = PBXNativeTarget;
			buildConfigurationList = 41F1AD0A2591AE5D0097A583 /* Build configuration list for PBXNativeTarget "tip calculator" */;
			buildPhases = (
				41F1ACDC2591AE570097A583 /* Sources */,
				41F1ACDD2591AE570097A583 /* Frameworks */,
				41F1ACDE2591AE570097A583 /* Resources */,
			);
			buildRules = (
			);
			dependencies = (
			);
			name = "tip calculator";
			productName = "tip calculator";
			productReference = 41F1ACE02591AE570097A583 /* tip calculator.app */;
			productType = "com.apple.product-type.application";
		};
		41F1ACF52591AE5C0097A583 /* tip calculatorTests */ = {
			isa = PBXNativeTarget;
			buildConfigurationList = 41F1AD0D2591AE5D0097A583 /* Build configuration list for PBXNativeTarget "tip calculatorTests" */;
			buildPhases = (
				41F1ACF22591AE5C0097A583 /* Sources */,
				41F1ACF32591AE5C0097A583 /* Frameworks */,
				41F1ACF42591AE5C0097A583 /* Resources */,
			);
			buildRules = (
			);
			dependencies = (
				41F1ACF82591AE5C0097A583 /* PBXTargetDependency */,
			);
			name = "tip calculatorTests";
			productName = "tip calculatorTests";
			productReference = 41F1ACF62591AE5C0097A583 /* tip calculatorTests.xctest */;
			productType = "com.apple.product-type.bundle.unit-test";
		};
		41F1AD002591AE5D0097A583 /* tip calculatorUITests */ = {
			isa = PBXNativeTarget;
			buildConfigurationList = 41F1AD102591AE5D0097A583 /* Build configuration list for PBXNativeTarget "tip calculatorUITests" */;
			buildPhases = (
				41F1ACFD2591AE5D0097A583 /* Sources */,
				41F1ACFE2591AE5D0097A583 /* Frameworks */,
				41F1ACFF2591AE5D0097A583 /* Resources */,
			);
			buildRules = (
			);
			dependencies = (
				41F1AD032591AE5D0097A583 /* PBXTargetDependency */,
			);
			name = "tip calculatorUITests";
			productName = "tip calculatorUITests";
			productReference = 41F1AD012591AE5D0097A583 /* tip calculatorUITests.xctest */;
			productType = "com.apple.product-type.bundle.ui-testing";
		};
/* End PBXNativeTarget section */

/* Begin PBXProject section */
		41F1ACD82591AE570097A583 /* Project object */ = {
			isa = PBXProject;
			attributes = {
				LastSwiftUpdateCheck = 1230;
				LastUpgradeCheck = 1230;
				TargetAttributes = {
					41F1ACDF2591AE570097A583 = {
						CreatedOnToolsVersion = 12.3;
					};
					41F1ACF52591AE5C0097A583 = {
						CreatedOnToolsVersion = 12.3;
						TestTargetID = 41F1ACDF2591AE570097A583;
					};
					41F1AD002591AE5D0097A583 = {
						CreatedOnToolsVersion = 12.3;
						TestTargetID = 41F1ACDF2591AE570097A583;
					};
				};
			};
			buildConfigurationList = 41F1ACDB2591AE570097A583 /* Build configuration list for PBXProject "tip calculator" */;
			compatibilityVersion = "Xcode 9.3";
			developmentRegion = en;
			hasScannedForEncodings = 0;
			knownRegions = (
				en,
				Base,
			);
			mainGroup = 41F1ACD72591AE570097A583;
			productRefGroup = 41F1ACE12591AE570097A583 /* Products */;
			projectDirPath = "";
			projectRoot = "";
			targets = (
				41F1ACDF2591AE570097A583 /* tip calculator */,
				41F1ACF52591AE5C0097A583 /* tip calculatorTests */,
				41F1AD002591AE5D0097A583 /* tip calculatorUITests */,
			);
		};
/* End PBXProject section */

/* Begin PBXResourcesBuildPhase section */
		41F1ACDE2591AE570097A583 /* Resources */ = {
			isa = PBXResourcesBuildPhase;
			buildActionMask = 2147483647;
			files = (
				41F1ACF02591AE5C0097A583 /* LaunchScreen.storyboard in Resources */,
				41F1ACED2591AE5C0097A583 /* Assets.xcassets in Resources */,
				41F1ACEB2591AE570097A583 /* Main.storyboard in Resources */,
			);
			runOnlyForDeploymentPostprocessing = 0;
		};
		41F1ACF42591AE5C0097A583 /* Resources */ = {
			isa = PBXResourcesBuildPhase;
			buildActionMask = 2147483647;
			files = (
			);
			runOnlyForDeploymentPostprocessing = 0;
		};
		41F1ACFF2591AE5D0097A583 /* Resources */ = {
			isa = PBXResourcesBuildPhase;
			buildActionMask = 2147483647;
			files = (
			);
			runOnlyForDeploymentPostprocessing = 0;
		};
/* End PBXResourcesBuildPhase section */

/* Begin PBXSourcesBuildPhase section */
		41F1ACDC2591AE570097A583 /* Sources */ = {
			isa = PBXSourcesBuildPhase;
			buildActionMask = 2147483647;
			files = (
				41F1ACE82591AE570097A583 /* ViewController.swift in Sources */,
				41F1ACE42591AE570097A583 /* AppDelegate.swift in Sources */,
				41F1ACE62591AE570097A583 /* SceneDelegate.swift in Sources */,
			);
			runOnlyForDeploymentPostprocessing = 0;
		};
		41F1ACF22591AE5C0097A583 /* Sources */ = {
			isa = PBXSourcesBuildPhase;
			buildActionMask = 2147483647;
			files = (
				41F1ACFB2591AE5C0097A583 /* tip_calculatorTests.swift in Sources */,
			);
			runOnlyForDeploymentPostprocessing = 0;
		};
		41F1ACFD2591AE5D0097A583 /* Sources */ = {
			isa = PBXSourcesBuildPhase;
			buildActionMask = 2147483647;
			files = (
				41F1AD062591AE5D0097A583 /* tip_calculatorUITests.swift in Sources */,
			);
			runOnlyForDeploymentPostprocessing = 0;
		};
/* End PBXSourcesBuildPhase section */

/* Begin PBXTargetDependency section */
		41F1ACF82591AE5C0097A583 /* PBXTargetDependency */ = {
			isa = PBXTargetDependency;
			target = 41F1ACDF2591AE570097A583 /* tip calculator */;
			targetProxy = 41F1ACF72591AE5C0097A583 /* PBXContainerItemProxy */;
		};
		41F1AD032591AE5D0097A583 /* PBXTargetDependency */ = {
			isa = PBXTargetDependency;
			target = 41F1ACDF2591AE570097A583 /* tip calculator */;
			targetProxy = 41F1AD022591AE5D0097A583 /* PBXContainerItemProxy */;
		};
/* End PBXTargetDependency section */

/* Begin PBXVariantGroup section */
		41F1ACE92591AE570097A583 /* Main.storyboard */ = {
			isa = PBXVariantGroup;
			children = (
				41F1ACEA2591AE570097A583 /* Base */,
			);
			name = Main.storyboard;
			sourceTree = "<group>";
		};
		41F1ACEE2591AE5C0097A583 /* LaunchScreen.storyboard */ = {
			isa = PBXVariantGroup;
			children = (
				41F1ACEF2591AE5C0097A583 /* Base */,
			);
			name = LaunchScreen.storyboard;
			sourceTree = "<group>";
		};
/* End PBXVariantGroup section */

/* Begin XCBuildConfiguration section */
		41F1AD082591AE5D0097A583 /* Debug */ = {
			isa = XCBuildConfiguration;
			buildSettings = {
				ALWAYS_SEARCH_USER_PATHS = NO;
				CLANG_ANALYZER_NONNULL = YES;
				CLANG_ANALYZER_NUMBER_OBJECT_CONVERSION = YES_AGGRESSIVE;
				CLANG_CXX_LANGUAGE_STANDARD = "gnu++14";
				CLANG_CXX_LIBRARY = "libc++";
				CLANG_ENABLE_MODULES = YES;
				CLANG_ENABLE_OBJC_ARC = YES;
				CLANG_ENABLE_OBJC_WEAK = YES;
				CLANG_WARN_BLOCK_CAPTURE_AUTORELEASING = YES;
				CLANG_WARN_BOOL_CONVERSION = YES;
				CLANG_WARN_COMMA = YES;
				CLANG_WARN_CONSTANT_CONVERSION = YES;
				CLANG_WARN_DEPRECATED_OBJC_IMPLEMENTATIONS = YES;
				CLANG_WARN_DIRECT_OBJC_ISA_USAGE = YES_ERROR;
				CLANG_WARN_DOCUMENTATION_COMMENTS = YES;
				CLANG_WARN_EMPTY_BODY = YES;
				CLANG_WARN_ENUM_CONVERSION = YES;
				CLANG_WARN_INFINITE_RECURSION = YES;
				CLANG_WARN_INT_CONVERSION = YES;
				CLANG_WARN_NON_LITERAL_NULL_CONVERSION = YES;
				CLANG_WARN_OBJC_IMPLICIT_RETAIN_SELF = YES;
				CLANG_WARN_OBJC_LITERAL_CONVERSION = YES;
				CLANG_WARN_OBJC_ROOT_CLASS = YES_ERROR;
				CLANG_WARN_QUOTED_INCLUDE_IN_FRAMEWORK_HEADER = YES;
				CLANG_WARN_RANGE_LOOP_ANALYSIS = YES;
				CLANG_WARN_STRICT_PROTOTYPES = YES;
				CLANG_WARN_SUSPICIOUS_MOVE = YES;
				CLANG_WARN_UNGUARDED_AVAILABILITY = YES_AGGRESSIVE;
				CLANG_WARN_UNREACHABLE_CODE = YES;
				CLANG_WARN__DUPLICATE_METHOD_MATCH = YES;
				COPY_PHASE_STRIP = NO;
				DEBUG_INFORMATION_FORMAT = dwarf;
				ENABLE_STRICT_OBJC_MSGSEND = YES;
				ENABLE_TESTABILITY = YES;
				GCC_C_LANGUAGE_STANDARD = gnu11;
				GCC_DYNAMIC_NO_PIC = NO;
				GCC_NO_COMMON_BLOCKS = YES;
				GCC_OPTIMIZATION_LEVEL = 0;
				GCC_PREPROCESSOR_DEFINITIONS = (
					"DEBUG=1",
					"$(inherited)",
				);
				GCC_WARN_64_TO_32_BIT_CONVERSION = YES;
				GCC_WARN_ABOUT_RETURN_TYPE = YES_ERROR;
				GCC_WARN_UNDECLARED_SELECTOR = YES;
				GCC_WARN_UNINITIALIZED_AUTOS = YES_AGGRESSIVE;
				GCC_WARN_UNUSED_FUNCTION = YES;
				GCC_WARN_UNUSED_VARIABLE = YES;
				IPHONEOS_DEPLOYMENT_TARGET = 14.3;
				MTL_ENABLE_DEBUG_INFO = INCLUDE_SOURCE;
				MTL_FAST_MATH = YES;
				ONLY_ACTIVE_ARCH = YES;
				SDKROOT = iphoneos;
				SWIFT_ACTIVE_COMPILATION_CONDITIONS = DEBUG;
				SWIFT_OPTIMIZATION_LEVEL = "-Onone";
			};
			name = Debug;
		};
		41F1AD092591AE5D0097A583 /* Release */ = {
			isa = XCBuildConfiguration;
			buildSettings = {
				ALWAYS_SEARCH_USER_PATHS = NO;
				CLANG_ANALYZER_NONNULL = YES;
				CLANG_ANALYZER_NUMBER_OBJECT_CONVERSION = YES_AGGRESSIVE;
				CLANG_CXX_LANGUAGE_STANDARD = "gnu++14";
				CLANG_CXX_LIBRARY = "libc++";
				CLANG_ENABLE_MODULES = YES;
				CLANG_ENABLE_OBJC_ARC = YES;
				CLANG_ENABLE_OBJC_WEAK = YES;
				CLANG_WARN_BLOCK_CAPTURE_AUTORELEASING = YES;
				CLANG_WARN_BOOL_CONVERSION = YES;
				CLANG_WARN_COMMA = YES;
				CLANG_WARN_CONSTANT_CONVERSION = YES;
				CLANG_WARN_DEPRECATED_OBJC_IMPLEMENTATIONS = YES;
				CLANG_WARN_DIRECT_OBJC_ISA_USAGE = YES_ERROR;
				CLANG_WARN_DOCUMENTATION_COMMENTS = YES;
				CLANG_WARN_EMPTY_BODY = YES;
				CLANG_WARN_ENUM_CONVERSION = YES;
				CLANG_WARN_INFINITE_RECURSION = YES;
				CLANG_WARN_INT_CONVERSION = YES;
				CLANG_WARN_NON_LITERAL_NULL_CONVERSION = YES;
				CLANG_WARN_OBJC_IMPLICIT_RETAIN_SELF = YES;
				CLANG_WARN_OBJC_LITERAL_CONVERSION = YES;
				CLANG_WARN_OBJC_ROOT_CLASS = YES_ERROR;
				CLANG_WARN_QUOTED_INCLUDE_IN_FRAMEWORK_HEADER = YES;
				CLANG_WARN_RANGE_LOOP_ANALYSIS = YES;
				CLANG_WARN_STRICT_PROTOTYPES = YES;
				CLANG_WARN_SUSPICIOUS_MOVE = YES;
				CLANG_WARN_UNGUARDED_AVAILABILITY = YES_AGGRESSIVE;
				CLANG_WARN_UNREACHABLE_CODE = YES;
				CLANG_WARN__DUPLICATE_METHOD_MATCH = YES;
				COPY_PHASE_STRIP = NO;
				DEBUG_INFORMATION_FORMAT = "dwarf-with-dsym";
				ENABLE_NS_ASSERTIONS = NO;
				ENABLE_STRICT_OBJC_MSGSEND = YES;
				GCC_C_LANGUAGE_STANDARD = gnu11;
				GCC_NO_COMMON_BLOCKS = YES;
				GCC_WARN_64_TO_32_BIT_CONVERSION = YES;
				GCC_WARN_ABOUT_RETURN_TYPE = YES_ERROR;
				GCC_WARN_UNDECLARED_SELECTOR = YES;
				GCC_WARN_UNINITIALIZED_AUTOS = YES_AGGRESSIVE;
				GCC_WARN_UNUSED_FUNCTION = YES;
				GCC_WARN_UNUSED_VARIABLE = YES;
				IPHONEOS_DEPLOYMENT_TARGET = 14.3;
				MTL_ENABLE_DEBUG_INFO = NO;
				MTL_FAST_MATH = YES;
				SDKROOT = iphoneos;
				SWIFT_COMPILATION_MODE = wholemodule;
				SWIFT_OPTIMIZATION_LEVEL = "-O";
				VALIDATE_PRODUCT = YES;
			};
			name = Release;
		};
		41F1AD0B2591AE5D0097A583 /* Debug */ = {
			isa = XCBuildConfiguration;
			buildSettings = {
				ASSETCATALOG_COMPILER_APPICON_NAME = AppIcon;
				ASSETCATALOG_COMPILER_GLOBAL_ACCENT_COLOR_NAME = AccentColor;
				CODE_SIGN_STYLE = Automatic;
				DEVELOPMENT_TEAM = 76L6SF2SW3;
				INFOPLIST_FILE = "tip calculator/Info.plist";
				LD_RUNPATH_SEARCH_PATHS = (
					"$(inherited)",
					"@executable_path/Frameworks",
				);
				PRODUCT_BUNDLE_IDENTIFIER = "com.queenielau.tip-calculator";
				PRODUCT_NAME = "$(TARGET_NAME)";
				SWIFT_VERSION = 5.0;
				TARGETED_DEVICE_FAMILY = "1,2";
			};
			name = Debug;
		};
		41F1AD0C2591AE5D0097A583 /* Release */ = {
			isa = XCBuildConfiguration;
			buildSettings = {
				ASSETCATALOG_COMPILER_APPICON_NAME = AppIcon;
				ASSETCATALOG_COMPILER_GLOBAL_ACCENT_COLOR_NAME = AccentColor;
				CODE_SIGN_STYLE = Automatic;
				DEVELOPMENT_TEAM = 76L6SF2SW3;
				INFOPLIST_FILE = "tip calculator/Info.plist";
				LD_RUNPATH_SEARCH_PATHS = (
					"$(inherited)",
					"@executable_path/Frameworks",
				);
				PRODUCT_BUNDLE_IDENTIFIER = "com.queenielau.tip-calculator";
				PRODUCT_NAME = "$(TARGET_NAME)";
				SWIFT_VERSION = 5.0;
				TARGETED_DEVICE_FAMILY = "1,2";
			};
			name = Release;
		};
		41F1AD0E2591AE5D0097A583 /* Debug */ = {
			isa = XCBuildConfiguration;
			buildSettings = {
				ALWAYS_EMBED_SWIFT_STANDARD_LIBRARIES = YES;
				BUNDLE_LOADER = "$(TEST_HOST)";
				CODE_SIGN_STYLE = Automatic;
				DEVELOPMENT_TEAM = 76L6SF2SW3;
				INFOPLIST_FILE = "tip calculatorTests/Info.plist";
				IPHONEOS_DEPLOYMENT_TARGET = 14.3;
				LD_RUNPATH_SEARCH_PATHS = (
					"$(inherited)",
					"@executable_path/Frameworks",
					"@loader_path/Frameworks",
				);
				PRODUCT_BUNDLE_IDENTIFIER = "com.queenielau.tip-calculatorTests";
				PRODUCT_NAME = "$(TARGET_NAME)";
				SWIFT_VERSION = 5.0;
				TARGETED_DEVICE_FAMILY = "1,2";
				TEST_HOST = "$(BUILT_PRODUCTS_DIR)/tip calculator.app/tip calculator";
			};
			name = Debug;
		};
		41F1AD0F2591AE5D0097A583 /* Release */ = {
			isa = XCBuildConfiguration;
			buildSettings = {
				ALWAYS_EMBED_SWIFT_STANDARD_LIBRARIES = YES;
				BUNDLE_LOADER = "$(TEST_HOST)";
				CODE_SIGN_STYLE = Automatic;
				DEVELOPMENT_TEAM = 76L6SF2SW3;
				INFOPLIST_FILE = "tip calculatorTests/Info.plist";
				IPHONEOS_DEPLOYMENT_TARGET = 14.3;
				LD_RUNPATH_SEARCH_PATHS = (
					"$(inherited)",
					"@executable_path/Frameworks",
					"@loader_path/Frameworks",
				);
				PRODUCT_BUNDLE_IDENTIFIER = "com.queenielau.tip-calculatorTests";
				PRODUCT_NAME = "$(TARGET_NAME)";
				SWIFT_VERSION = 5.0;
				TARGETED_DEVICE_FAMILY = "1,2";
				TEST_HOST = "$(BUILT_PRODUCTS_DIR)/tip calculator.app/tip calculator";
			};
			name = Release;
		};
		41F1AD112591AE5D0097A583 /* Debug */ = {
			isa = XCBuildConfiguration;
			buildSettings = {
				ALWAYS_EMBED_SWIFT_STANDARD_LIBRARIES = YES;
				CODE_SIGN_STYLE = Automatic;
				DEVELOPMENT_TEAM = 76L6SF2SW3;
				INFOPLIST_FILE = "tip calculatorUITests/Info.plist";
				LD_RUNPATH_SEARCH_PATHS = (
					"$(inherited)",
					"@executable_path/Frameworks",
					"@loader_path/Frameworks",
				);
				PRODUCT_BUNDLE_IDENTIFIER = "com.queenielau.tip-calculatorUITests";
				PRODUCT_NAME = "$(TARGET_NAME)";
				SWIFT_VERSION = 5.0;
				TARGETED_DEVICE_FAMILY = "1,2";
				TEST_TARGET_NAME = "tip calculator";
			};
			name = Debug;
		};
		41F1AD122591AE5D0097A583 /* Release */ = {
			isa = XCBuildConfiguration;
			buildSettings = {
				ALWAYS_EMBED_SWIFT_STANDARD_LIBRARIES = YES;
				CODE_SIGN_STYLE = Automatic;
				DEVELOPMENT_TEAM = 76L6SF2SW3;
				INFOPLIST_FILE = "tip calculatorUITests/Info.plist";
				LD_RUNPATH_SEARCH_PATHS = (
					"$(inherited)",
					"@executable_path/Frameworks",
					"@loader_path/Frameworks",
				);
				PRODUCT_BUNDLE_IDENTIFIER = "com.queenielau.tip-calculatorUITests";
				PRODUCT_NAME = "$(TARGET_NAME)";
				SWIFT_VERSION = 5.0;
				TARGETED_DEVICE_FAMILY = "1,2";
				TEST_TARGET_NAME = "tip calculator";
			};
			name = Release;
		};
/* End XCBuildConfiguration section */

/* Begin XCConfigurationList section */
		41F1ACDB2591AE570097A583 /* Build configuration list for PBXProject "tip calculator" */ = {
			isa = XCConfigurationList;
			buildConfigurations = (
				41F1AD082591AE5D0097A583 /* Debug */,
				41F1AD092591AE5D0097A583 /* Release */,
			);
			defaultConfigurationIsVisible = 0;
			defaultConfigurationName = Release;
		};
		41F1AD0A2591AE5D0097A583 /* Build configuration list for PBXNativeTarget "tip calculator" */ = {
			isa = XCConfigurationList;
			buildConfigurations = (
				41F1AD0B2591AE5D0097A583 /* Debug */,
				41F1AD0C2591AE5D0097A583 /* Release */,
			);
			defaultConfigurationIsVisible = 0;
			defaultConfigurationName = Release;
		};
		41F1AD0D2591AE5D0097A583 /* Build configuration list for PBXNativeTarget "tip calculatorTests" */ = {
			isa = XCConfigurationList;
			buildConfigurations = (
				41F1AD0E2591AE5D0097A583 /* Debug */,
				41F1AD0F2591AE5D0097A583 /* Release */,
			);
			defaultConfigurationIsVisible = 0;
			defaultConfigurationName = Release;
		};
		41F1AD102591AE5D0097A583 /* Build configuration list for PBXNativeTarget "tip calculatorUITests" */ = {
			isa = XCConfigurationList;
			buildConfigurations = (
				41F1AD112591AE5D0097A583 /* Debug */,
				41F1AD122591AE5D0097A583 /* Release */,
			);
			defaultConfigurationIsVisible = 0;
			defaultConfigurationName = Release;
		};
/* End XCConfigurationList section */
	};
	rootObject = 41F1ACD82591AE570097A583 /* Project object */;
}
